
Microsoft Visual Studio Solution File, Format Version 12.00
# Visual Studio Version 17
VisualStudioVersion = 17.0.31903.59
MinimumVisualStudioVersion = 10.0.40219.1
Project("{2150E333-8FDC-42A3-9474-1A3956D46DE8}") = "src", "src", "{827E0CD3-B72D-47B6-A68D-7590B98EB39B}"
EndProject
Project("{FAE04EC0-301F-11D3-BF4B-00C04F79EFBC}") = "ElevatorSystem", "src\ElevatorSystem\ElevatorSystem.csproj", "{C42BC56C-FD17-4055-A545-9513BE7BB462}"
EndProject
Project("{FAE04EC0-301F-11D3-BF4B-00C04F79EFBC}") = "ElevatorSystem.Tests", "tests\ElevatorSystem.Tests\ElevatorSystem.Tests.csproj", "{695A4E12-FE9D-4EFB-AB02-D6682A20E20C}"
EndProject
Project("{FAE04EC0-301F-11D3-BF4B-00C04F79EFBC}") = "ElevatorSystem.Demo", "src\ElevatorSystem.Demo\ElevatorSystem.Demo.csproj", "{E7B92A89-3E40-40DA-80D8-BE497C4FBB12}"
EndProject
Project("{2150E333-8FDC-42A3-9474-1A3956D46DE8}") = "tests", "tests", "{89AF42F7-A0FC-4B93-A3F4-7AA741399007}"
EndProject
Global
	GlobalSection(SolutionConfigurationPlatforms) = preSolution
		Debug|Any CPU = Debug|Any CPU
		Debug|x64 = Debug|x64
		Debug|x86 = Debug|x86
		Release|Any CPU = Release|Any CPU
		Release|x64 = Release|x64
		Release|x86 = Release|x86
	EndGlobalSection
	GlobalSection(ProjectConfigurationPlatforms) = postSolution
		{C42BC56C-FD17-4055-A545-9513BE7BB462}.Debug|Any CPU.ActiveCfg = Debug|Any CPU
		{C42BC56C-FD17-4055-A545-9513BE7BB462}.Debug|Any CPU.Build.0 = Debug|Any CPU
		{C42BC56C-FD17-4055-A545-9513BE7BB462}.Debug|x64.ActiveCfg = Debug|Any CPU
		{C42BC56C-FD17-4055-A545-9513BE7BB462}.Debug|x64.Build.0 = Debug|Any CPU
		{C42BC56C-FD17-4055-A545-9513BE7BB462}.Debug|x86.ActiveCfg = Debug|Any CPU
		{C42BC56C-FD17-4055-A545-9513BE7BB462}.Debug|x86.Build.0 = Debug|Any CPU
		{C42BC56C-FD17-4055-A545-9513BE7BB462}.Release|Any CPU.ActiveCfg = Release|Any CPU
		{C42BC56C-FD17-4055-A545-9513BE7BB462}.Release|Any CPU.Build.0 = Release|Any CPU
		{C42BC56C-FD17-4055-A545-9513BE7BB462}.Release|x64.ActiveCfg = Release|Any CPU
		{C42BC56C-FD17-4055-A545-9513BE7BB462}.Release|x64.Build.0 = Release|Any CPU
		{C42BC56C-FD17-4055-A545-9513BE7BB462}.Release|x86.ActiveCfg = Release|Any CPU
		{C42BC56C-FD17-4055-A545-9513BE7BB462}.Release|x86.Build.0 = Release|Any CPU
		{695A4E12-FE9D-4EFB-AB02-D6682A20E20C}.Debug|Any CPU.ActiveCfg = Debug|Any CPU
		{695A4E12-FE9D-4EFB-AB02-D6682A20E20C}.Debug|Any CPU.Build.0 = Debug|Any CPU
		{695A4E12-FE9D-4EFB-AB02-D6682A20E20C}.Debug|x64.ActiveCfg = Debug|Any CPU
		{695A4E12-FE9D-4EFB-AB02-D6682A20E20C}.Debug|x64.Build.0 = Debug|Any CPU
		{695A4E12-FE9D-4EFB-AB02-D6682A20E20C}.Debug|x86.ActiveCfg = Debug|Any CPU
		{695A4E12-FE9D-4EFB-AB02-D6682A20E20C}.Debug|x86.Build.0 = Debug|Any CPU
		{695A4E12-FE9D-4EFB-AB02-D6682A20E20C}.Release|Any CPU.ActiveCfg = Release|Any CPU
		{695A4E12-FE9D-4EFB-AB02-D6682A20E20C}.Release|Any CPU.Build.0 = Release|Any CPU
		{695A4E12-FE9D-4EFB-AB02-D6682A20E20C}.Release|x64.ActiveCfg = Release|Any CPU
		{695A4E12-FE9D-4EFB-AB02-D6682A20E20C}.Release|x64.Build.0 = Release|Any CPU
		{695A4E12-FE9D-4EFB-AB02-D6682A20E20C}.Release|x86.ActiveCfg = Release|Any CPU
		{695A4E12-FE9D-4EFB-AB02-D6682A20E20C}.Release|x86.Build.0 = Release|Any CPU
		{E7B92A89-3E40-40DA-80D8-BE497C4FBB12}.Debug|Any CPU.ActiveCfg = Debug|Any CPU
		{E7B92A89-3E40-40DA-80D8-BE497C4FBB12}.Debug|Any CPU.Build.0 = Debug|Any CPU
		{E7B92A89-3E40-40DA-80D8-BE497C4FBB12}.Debug|x64.ActiveCfg = Debug|Any CPU
		{E7B92A89-3E40-40DA-80D8-BE497C4FBB12}.Debug|x64.Build.0 = Debug|Any CPU
		{E7B92A89-3E40-40DA-80D8-BE497C4FBB12}.Debug|x86.ActiveCfg = Debug|Any CPU
		{E7B92A89-3E40-40DA-80D8-BE497C4FBB12}.Debug|x86.Build.0 = Debug|Any CPU
		{E7B92A89-3E40-40DA-80D8-BE497C4FBB12}.Release|Any CPU.ActiveCfg = Release|Any CPU
		{E7B92A89-3E40-40DA-80D8-BE497C4FBB12}.Release|Any CPU.Build.0 = Release|Any CPU
		{E7B92A89-3E40-40DA-80D8-BE497C4FBB12}.Release|x64.ActiveCfg = Release|Any CPU
		{E7B92A89-3E40-40DA-80D8-BE497C4FBB12}.Release|x64.Build.0 = Release|Any CPU
		{E7B92A89-3E40-40DA-80D8-BE497C4FBB12}.Release|x86.ActiveCfg = Release|Any CPU
		{E7B92A89-3E40-40DA-80D8-BE497C4FBB12}.Release|x86.Build.0 = Release|Any CPU
	EndGlobalSection
	GlobalSection(SolutionProperties) = preSolution
		HideSolutionNode = FALSE
	EndGlobalSection
	GlobalSection(NestedProjects) = preSolution
		{C42BC56C-FD17-4055-A545-9513BE7BB462} = {827E0CD3-B72D-47B6-A68D-7590B98EB39B}
		{695A4E12-FE9D-4EFB-AB02-D6682A20E20C} = {89AF42F7-A0FC-4B93-A3F4-7AA741399007}
		{E7B92A89-3E40-40DA-80D8-BE497C4FBB12} = {827E0CD3-B72D-47B6-A68D-7590B98EB39B}
	EndGlobalSection
EndGlobal
